
Microsoft Visual Studio Solution File, Format Version 12.00
# Visual Studio 14
VisualStudioVersion = 14.0.25420.1
MinimumVisualStudioVersion = 10.0.40219.1
Project("{FAE04EC0-301F-11D3-BF4B-00C04F79EFBC}") = "step_motorla_nesne_takibi", "step_motorla_nesne_takibi\step_motorla_nesne_takibi.csproj", "{1C74FD0C-7AE1-4D8B-A16F-A8DCF554E671}"
EndProject
Global
	GlobalSection(SolutionConfigurationPlatforms) = preSolution
		Debug|Any CPU = Debug|Any CPU
		Release|Any CPU = Release|Any CPU
	EndGlobalSection
	GlobalSection(ProjectConfigurationPlatforms) = postSolution
		{1C74FD0C-7AE1-4D8B-A16F-A8DCF554E671}.Debug|Any CPU.ActiveCfg = Debug|Any CPU
		{1C74FD0C-7AE1-4D8B-A16F-A8DCF554E671}.Debug|Any CPU.Build.0 = Debug|Any CPU
		{1C74FD0C-7AE1-4D8B-A16F-A8DCF554E671}.Release|Any CPU.ActiveCfg = Release|Any CPU
		{1C74FD0C-7AE1-4D8B-A16F-A8DCF554E671}.Release|Any CPU.Build.0 = Release|Any CPU
	EndGlobalSection
	GlobalSection(SolutionProperties) = preSolution
		HideSolutionNode = FALSE
	EndGlobalSection
EndGlobal
