
Microsoft Visual Studio Solution File, Format Version 12.00
# Visual Studio 14
VisualStudioVersion = 14.0.25420.1
MinimumVisualStudioVersion = 10.0.40219.1
Project("{FAE04EC0-301F-11D3-BF4B-00C04F79EFBC}") = "GRİ metotları", "GRİ metotları\GRİ metotları.csproj", "{AD28B79C-D7FE-4768-A64D-FC8CDFEB8BA7}"
EndProject
Global
	GlobalSection(SolutionConfigurationPlatforms) = preSolution
		Debug|Any CPU = Debug|Any CPU
		Release|Any CPU = Release|Any CPU
	EndGlobalSection
	GlobalSection(ProjectConfigurationPlatforms) = postSolution
		{AD28B79C-D7FE-4768-A64D-FC8CDFEB8BA7}.Debug|Any CPU.ActiveCfg = Debug|Any CPU
		{AD28B79C-D7FE-4768-A64D-FC8CDFEB8BA7}.Debug|Any CPU.Build.0 = Debug|Any CPU
		{AD28B79C-D7FE-4768-A64D-FC8CDFEB8BA7}.Release|Any CPU.ActiveCfg = Release|Any CPU
		{AD28B79C-D7FE-4768-A64D-FC8CDFEB8BA7}.Release|Any CPU.Build.0 = Release|Any CPU
	EndGlobalSection
	GlobalSection(SolutionProperties) = preSolution
		HideSolutionNode = FALSE
	EndGlobalSection
EndGlobal
